Microsoft Visual Studio Solution File, Format Version 12.00
# Visual Studio Version 17
VisualStudioVersion = 17.0.31903.59
MinimumVisualStudioVersion = 10.0.40219.1

# Backend Services
Project("{9A19103F-16F7-4668-BE54-9A1E7A4F7556}") = "AuthService", "src\Backend\AuthService\AuthService.csproj", "{4F01DAE2-AF54-4A35-9C7B-8EE3BEC7ED76}"
EndProject
Project("{9A19103F-16F7-4668-BE54-9A1E7A4F7556}") = "MessageService", "src\Backend\MessageService\MessageService.csproj", "{2A88C1E0-BFB6-4D95-8F25-DF3656C42927}"
EndProject
Project("{9A19103F-16F7-4668-BE54-9A1E7A4F7556}") = "NotificationService", "src\Backend\NotificationService\NotificationService.csproj", "{A1B2C3D4-E5F6-4A5B-9C8D-1E2F3A4B5C6D}"
EndProject
Project("{9A19103F-16F7-4668-BE54-9A1E7A4F7556}") = "CryptoService", "src\Backend\CryptoService\CryptoService.csproj", "{C3D4E5F6-A7B8-49C0-B1D2-E3F4A5B6C7D8}"
EndProject
Project("{9A19103F-16F7-4668-BE54-9A1E7A4F7556}") = "KeyManagementService", "src\Backend\KeyManagementService\KeyManagementService.csproj", "{D4E5F6A7-B8C9-40D1-A2E3-F4A5B6C7D8E9}"
EndProject
Project("{9A19103F-16F7-4668-BE54-9A1E7A4F7556}") = "UserService", "src\Backend\UserService\UserService.csproj", "{E5F6A7B8-C9D0-41E2-B3F4-A5B6C7D8E9F0}"
EndProject
Project("{9A19103F-16F7-4668-BE54-9A1E7A4F7556}") = "AuditLogService", "src\Backend\AuditLogService\AuditLogService.csproj", "{F6A7B8C9-D0E1-42F3-C4A5-B6C7D8E9F0A1}"
EndProject
Project("{9A19103F-16F7-4668-BE54-9A1E7A4F7556}") = "FileTransferService", "src\Backend\FileTransferService\FileTransferService.csproj", "{A2A8B1C9-D6F5-4C3B-A2D4-7F1E6B2D6C3E}"
EndProject
Project("{9A19103F-16F7-4668-BE54-9A1E7A4F7556}") = "GatewayService", "src\Backend\GatewayService\GatewayService.csproj", "{B5F6A7C8-D4E3-42B3-9A1D-F3C4B5E6D7F8}"
EndProject

# Shared Libraries
Project("{9A19103F-16F7-4668-BE54-9A1E7A4F7556}") = "MessengerContracts", "src\Shared\MessengerContracts\MessengerContracts.csproj", "{C8D9E0F1-B7A6-42C4-B9D1-3A1B5F6D8E9A}"
EndProject
Project("{9A19103F-16F7-4668-BE54-9A1E7A4F7556}") = "MessengerCommon", "src\Shared\MessengerCommon\MessengerCommon.csproj", "{D9E0F1B2-A8C7-42A4-8A1D-E3B4D5F6A7C8}"
EndProject

# Frontend
Project("{9A19103F-16F7-4668-BE54-9A1E7A4F7556}") = "MessengerClient", "src\Frontend\MessengerClient\MessengerClient.csproj", "{A7C8B9D1-E2F3-4A5B-D6E7-8F9A1B2C3D4E}"
EndProject

# Tests
Project("{9A19103F-16F7-4668-BE54-9A1E7A4F7556}") = "MessengerTests", "tests\MessengerTests\MessengerTests.csproj", "{B2C3D4E5-F6A7-4B5C-A8D9-2F3A4B5C6D7E}"
EndProject

Global
	GlobalSection(SolutionConfigurationPlatforms) = preSolution
		Debug|Any CPU = Debug|Any CPU
		Release|Any CPU = Release|Any CPU
	EndGlobalSection
	GlobalSection(ProjectConfigurationPlatforms) = postSolution
		# Build configurations for all projects
		{4F01DAE2-AF54-4A35-9C7B-8EE3BEC7ED76}.Debug|Any CPU.ActiveCfg = Debug|Any CPU
		{4F01DAE2-AF54-4A35-9C7B-8EE3BEC7ED76}.Debug|Any CPU.Build.0 = Debug|Any CPU
		{4F01DAE2-AF54-4A35-9C7B-8EE3BEC7ED76}.Release|Any CPU.ActiveCfg = Release|Any CPU
		{4F01DAE2-AF54-4A35-9C7B-8EE3BEC7ED76}.Release|Any CPU.Build.0 = Release|Any CPU
		
		{2A88C1E0-BFB6-4D95-8F25-DF3656C42927}.Debug|Any CPU.ActiveCfg = Debug|Any CPU
		{2A88C1E0-BFB6-4D95-8F25-DF3656C42927}.Debug|Any CPU.Build.0 = Debug|Any CPU
		{2A88C1E0-BFB6-4D95-8F25-DF3656C42927}.Release|Any CPU.ActiveCfg = Release|Any CPU
		{2A88C1E0-BFB6-4D95-8F25-DF3656C42927}.Release|Any CPU.Build.0 = Release|Any CPU
		
		{A1B2C3D4-E5F6-4A5B-9C8D-1E2F3A4B5C6D}.Debug|Any CPU.ActiveCfg = Debug|Any CPU
		{A1B2C3D4-E5F6-4A5B-9C8D-1E2F3A4B5C6D}.Debug|Any CPU.Build.0 = Debug|Any CPU
		{A1B2C3D4-E5F6-4A5B-9C8D-1E2F3A4B5C6D}.Release|Any CPU.ActiveCfg = Release|Any CPU
		{A1B2C3D4-E5F6-4A5B-9C8D-1E2F3A4B5C6D}.Release|Any CPU.Build.0 = Release|Any CPU
		
		{C3D4E5F6-A7B8-49C0-B1D2-E3F4A5B6C7D8}.Debug|Any CPU.ActiveCfg = Debug|Any CPU
		{C3D4E5F6-A7B8-49C0-B1D2-E3F4A5B6C7D8}.Debug|Any CPU.Build.0 = Debug|Any CPU
		{C3D4E5F6-A7B8-49C0-B1D2-E3F4A5B6C7D8}.Release|Any CPU.ActiveCfg = Release|Any CPU
		{C3D4E5F6-A7B8-49C0-B1D2-E3F4A5B6C7D8}.Release|Any CPU.Build.0 = Release|Any CPU
		
		{D4E5F6A7-B8C9-40D1-A2E3-F4A5B6C7D8E9}.Debug|Any CPU.ActiveCfg = Debug|Any CPU
		{D4E5F6A7-B8C9-40D1-A2E3-F4A5B6C7D8E9}.Debug|Any CPU.Build.0 = Debug|Any CPU
		{D4E5F6A7-B8C9-40D1-A2E3-F4A5B6C7D8E9}.Release|Any CPU.ActiveCfg = Release|Any CPU
		{D4E5F6A7-B8C9-40D1-A2E3-F4A5B6C7D8E9}.Release|Any CPU.Build.0 = Release|Any CPU
		
		{E5F6A7B8-C9D0-41E2-B3F4-A5B6C7D8E9F0}.Debug|Any CPU.ActiveCfg = Debug|Any CPU
		{E5F6A7B8-C9D0-41E2-B3F4-A5B6C7D8E9F0}.Debug|Any CPU.Build.0 = Debug|Any CPU
		{E5F6A7B8-C9D0-41E2-B3F4-A5B6C7D8E9F0}.Release|Any CPU.ActiveCfg = Release|Any CPU
		{E5F6A7B8-C9D0-41E2-B3F4-A5B6C7D8E9F0}.Release|Any CPU.Build.0 = Release|Any CPU
		
		{F6A7B8C9-D0E1-42F3-C4A5-B6C7D8E9F0A1}.Debug|Any CPU.ActiveCfg = Debug|Any CPU
		{F6A7B8C9-D0E1-42F3-C4A5-B6C7D8E9F0A1}.Debug|Any CPU.Build.0 = Debug|Any CPU
		{F6A7B8C9-D0E1-42F3-C4A5-B6C7D8E9F0A1}.Release|Any CPU.ActiveCfg = Release|Any CPU
		{F6A7B8C9-D0E1-42F3-C4A5-B6C7D8E9F0A1}.Release|Any CPU.Build.0 = Release|Any CPU
		
		{A2A8B1C9-D6F5-4C3B-A2D4-7F1E6B2D6C3E}.Debug|Any CPU.ActiveCfg = Debug|Any CPU
		{A2A8B1C9-D6F5-4C3B-A2D4-7F1E6B2D6C3E}.Debug|Any CPU.Build.0 = Debug|Any CPU
		{A2A8B1C9-D6F5-4C3B-A2D4-7F1E6B2D6C3E}.Release|Any CPU.ActiveCfg = Release|Any CPU
		{A2A8B1C9-D6F5-4C3B-A2D4-7F1E6B2D6C3E}.Release|Any CPU.Build.0 = Release|Any CPU
		
		{B5F6A7C8-D4E3-42B3-9A1D-F3C4B5E6D7F8}.Debug|Any CPU.ActiveCfg = Debug|Any CPU
		{B5F6A7C8-D4E3-42B3-9A1D-F3C4B5E6D7F8}.Debug|Any CPU.Build.0 = Debug|Any CPU
		{B5F6A7C8-D4E3-42B3-9A1D-F3C4B5E6D7F8}.Release|Any CPU.ActiveCfg = Release|Any CPU
		{B5F6A7C8-D4E3-42B3-9A1D-F3C4B5E6D7F8}.Release|Any CPU.Build.0 = Release|Any CPU
		
		{C8D9E0F1-B7A6-42C4-B9D1-3A1B5F6D8E9A}.Debug|Any CPU.ActiveCfg = Debug|Any CPU
		{C8D9E0F1-B7A6-42C4-B9D1-3A1B5F6D8E9A}.Debug|Any CPU.Build.0 = Debug|Any CPU
		{C8D9E0F1-B7A6-42C4-B9D1-3A1B5F6D8E9A}.Release|Any CPU.ActiveCfg = Release|Any CPU
		{C8D9E0F1-B7A6-42C4-B9D1-3A1B5F6D8E9A}.Release|Any CPU.Build.0 = Release|Any CPU
		
		{D9E0F1B2-A8C7-42A4-8A1D-E3B4D5F6A7C8}.Debug|Any CPU.ActiveCfg = Debug|Any CPU
		{D9E0F1B2-A8C7-42A4-8A1D-E3B4D5F6A7C8}.Debug|Any CPU.Build.0 = Debug|Any CPU
		{D9E0F1B2-A8C7-42A4-8A1D-E3B4D5F6A7C8}.Release|Any CPU.ActiveCfg = Release|Any CPU
		{D9E0F1B2-A8C7-42A4-8A1D-E3B4D5F6A7C8}.Release|Any CPU.Build.0 = Release|Any CPU
		
		{A7C8B9D1-E2F3-4A5B-D6E7-8F9A1B2C3D4E}.Debug|Any CPU.ActiveCfg = Debug|Any CPU
		{A7C8B9D1-E2F3-4A5B-D6E7-8F9A1B2C3D4E}.Debug|Any CPU.Build.0 = Debug|Any CPU
		{A7C8B9D1-E2F3-4A5B-D6E7-8F9A1B2C3D4E}.Release|Any CPU.ActiveCfg = Release|Any CPU
		{A7C8B9D1-E2F3-4A5B-D6E7-8F9A1B2C3D4E}.Release|Any CPU.Build.0 = Release|Any CPU
		
		{B2C3D4E5-F6A7-4B5C-A8D9-2F3A4B5C6D7E}.Debug|Any CPU.ActiveCfg = Debug|Any CPU
		{B2C3D4E5-F6A7-4B5C-A8D9-2F3A4B5C6D7E}.Debug|Any CPU.Build.0 = Debug|Any CPU
		{B2C3D4E5-F6A7-4B5C-A8D9-2F3A4B5C6D7E}.Release|Any CPU.ActiveCfg = Release|Any CPU
		{B2C3D4E5-F6A7-4B5C-A8D9-2F3A4B5C6D7E}.Release|Any CPU.Build.0 = Release|Any CPU
	EndGlobalSection
	GlobalSection(SolutionProperties) = preSolution
		HideSolutionNode = FALSE
	EndGlobalSection
	GlobalSection(ExtensibilityGlobals) = postSolution
		SolutionGuid = {A1B2C3D4-E5F6-7890-ABCD-EF1234567890}
	EndGlobalSection
EndGlobal
